
Microsoft Visual Studio Solution File, Format Version 12.00
# Visual Studio Version 16
VisualStudioVersion = 16.0.31624.102
MinimumVisualStudioVersion = 10.0.40219.1
Project("{FAE04EC0-301F-11D3-BF4B-00C04F79EFBC}") = "day8", "day8\day8.csproj", "{C7BBBF46-69DC-469E-BD20-7838D549F51E}"
EndProject
Global
	GlobalSection(SolutionConfigurationPlatforms) = preSolution
		Debug|Any CPU = Debug|Any CPU
		Release|Any CPU = Release|Any CPU
	EndGlobalSection
	GlobalSection(ProjectConfigurationPlatforms) = postSolution
		{C7BBBF46-69DC-469E-BD20-7838D549F51E}.Debug|Any CPU.ActiveCfg = Debug|Any CPU
		{C7BBBF46-69DC-469E-BD20-7838D549F51E}.Debug|Any CPU.Build.0 = Debug|Any CPU
		{C7BBBF46-69DC-469E-BD20-7838D549F51E}.Release|Any CPU.ActiveCfg = Release|Any CPU
		{C7BBBF46-69DC-469E-BD20-7838D549F51E}.Release|Any CPU.Build.0 = Release|Any CPU
	EndGlobalSection
	GlobalSection(SolutionProperties) = preSolution
		HideSolutionNode = FALSE
	EndGlobalSection
	GlobalSection(ExtensibilityGlobals) = postSolution
		SolutionGuid = {DC93C48E-50E2-4107-A991-A9712DA5AE0E}
	EndGlobalSection
EndGlobal
